// !$*UTF8*$!
{
	archiveVersion = 1;
	classes = {
	};
	objectVersion = 56;
	objects = {

/* Begin PBXBuildFile section */
		CE15E71B2DC5EDEC000608CB /* ProjectApp.swift in Sources */ = {isa = PBXBuildFile; fileRef = CE15E71A2DC5EDEC000608CB /* ProjectApp.swift */; };
		CE15E71D2DC5EDEC000608CB /* ContentView.swift in Sources */ = {isa = PBXBuildFile; fileRef = CE15E71C2DC5EDEC000608CB /* ContentView.swift */; };
		CE15E71F2DC5EDF0000608CB /* Assets.xcassets in Resources */ = {isa = PBXBuildFile; fileRef = CE15E71E2DC5EDF0000608CB /* Assets.xcassets */; };
		CE15E7222DC5EDF0000608CB /* Preview Assets.xcassets in Resources */ = {isa = PBXBuildFile; fileRef = CE15E7212DC5EDF0000608CB /* Preview Assets.xcassets */; };
		CE15E7242DC5EDF0000608CB /* Persistence.swift in Sources */ = {isa = PBXBuildFile; fileRef = CE15E7232DC5EDF0000608CB /* Persistence.swift */; };
		CE15E7272DC5EDF0000608CB /* Project.xcdatamodeld in Sources */ = {isa = PBXBuildFile; fileRef = CE15E7252DC5EDF0000608CB /* Project.xcdatamodeld */; };
		CE15E7312DC5EDF0000608CB /* ProjectTests.swift in Sources */ = {isa = PBXBuildFile; fileRef = CE15E7302DC5EDF0000608CB /* ProjectTests.swift */; };
		CE15E73B2DC5EDF0000608CB /* ProjectUITests.swift in Sources */ = {isa = PBXBuildFile; fileRef = CE15E73A2DC5EDF0000608CB /* ProjectUITests.swift */; };
		CE15E73D2DC5EDF0000608CB /* ProjectUITestsLaunchTests.swift in Sources */ = {isa = PBXBuildFile; fileRef = CE15E73C2DC5EDF0000608CB /* ProjectUITestsLaunchTests.swift */; };
		CE82A4C32DD58CB800F36E91 /* Course+CoreDataClass.swift in Sources */ = {isa = PBXBuildFile; fileRef = CE82A4C12DD58CB800F36E91 /* Course+CoreDataClass.swift */; };
		CE82A4C42DD58CB800F36E91 /* Course+CoreDataProperties.swift in Sources */ = {isa = PBXBuildFile; fileRef = CE82A4C22DD58CB800F36E91 /* Course+CoreDataProperties.swift */; };
		CE84114F2DCC98CC00CC32DC /* FlashcardViewModel.swift in Sources */ = {isa = PBXBuildFile; fileRef = CE84114E2DCC98CC00CC32DC /* FlashcardViewModel.swift */; };
		CE86D5B52DC91B7600E1123D /* AddCourse.swift in Sources */ = {isa = PBXBuildFile; fileRef = CE86D5B42DC91B7600E1123D /* AddCourse.swift */; };
		CE86D5B72DC91F1400E1123D /* CourseViewModel.swift in Sources */ = {isa = PBXBuildFile; fileRef = CE86D5B62DC91F1400E1123D /* CourseViewModel.swift */; };
		CE8702852DD1EB0500B56C30 /* CourseDetail.swift in Sources */ = {isa = PBXBuildFile; fileRef = CE8702842DD1EB0500B56C30 /* CourseDetail.swift */; };
		CE87DC4B2DCB5A5C00AF10D9 /* ChooseLanguage.swift in Sources */ = {isa = PBXBuildFile; fileRef = CE87DC4A2DCB5A5C00AF10D9 /* ChooseLanguage.swift */; };
		CE87DC4D2DCB5A7700AF10D9 /* LanguageViewModel.swift in Sources */ = {isa = PBXBuildFile; fileRef = CE87DC4C2DCB5A7700AF10D9 /* LanguageViewModel.swift */; };
		CE8FFC1D2DC722460008E419 /* Library.swift in Sources */ = {isa = PBXBuildFile; fileRef = CE8FFC1C2DC722460008E419 /* Library.swift */; };
/* End PBXBuildFile section */

/* Begin PBXContainerItemProxy section */
		CE15E72D2DC5EDF0000608CB /* PBXContainerItemProxy */ = {
			isa = PBXContainerItemProxy;
			containerPortal = CE15E70F2DC5EDEC000608CB /* Project object */;
			proxyType = 1;
			remoteGlobalIDString = CE15E7162DC5EDEC000608CB;
			remoteInfo = Project;
		};
		CE15E7372DC5EDF0000608CB /* PBXContainerItemProxy */ = {
			isa = PBXContainerItemProxy;
			containerPortal = CE15E70F2DC5EDEC000608CB /* Project object */;
			proxyType = 1;
			remoteGlobalIDString = CE15E7162DC5EDEC000608CB;
			remoteInfo = Project;
		};
/* End PBXContainerItemProxy section */

/* Begin PBXFileReference section */
		CE15E7172DC5EDEC000608CB /* Project.app */ = {isa = PBXFileReference; explicitFileType = wrapper.application; includeInIndex = 0; path = Project.app; sourceTree = BUILT_PRODUCTS_DIR; };
		CE15E71A2DC5EDEC000608CB /* ProjectApp.swift */ = {isa = PBXFileReference; lastKnownFileType = sourcecode.swift; path = ProjectApp.swift; sourceTree = "<group>"; };
		CE15E71C2DC5EDEC000608CB /* ContentView.swift */ = {isa = PBXFileReference; lastKnownFileType = sourcecode.swift; path = ContentView.swift; sourceTree = "<group>"; };
		CE15E71E2DC5EDF0000608CB /* Assets.xcassets */ = {isa = PBXFileReference; lastKnownFileType = folder.assetcatalog; path = Assets.xcassets; sourceTree = "<group>"; };
		CE15E7212DC5EDF0000608CB /* Preview Assets.xcassets */ = {isa = PBXFileReference; lastKnownFileType = folder.assetcatalog; path = "Preview Assets.xcassets"; sourceTree = "<group>"; };
		CE15E7232DC5EDF0000608CB /* Persistence.swift */ = {isa = PBXFileReference; lastKnownFileType = sourcecode.swift; path = Persistence.swift; sourceTree = "<group>"; };
		CE15E7262DC5EDF0000608CB /* Project.xcdatamodel */ = {isa = PBXFileReference; lastKnownFileType = wrapper.xcdatamodel; path = Project.xcdatamodel; sourceTree = "<group>"; };
		CE15E72C2DC5EDF0000608CB /* ProjectTests.xctest */ = {isa = PBXFileReference; explicitFileType = wrapper.cfbundle; includeInIndex = 0; path = ProjectTests.xctest; sourceTree = BUILT_PRODUCTS_DIR; };
		CE15E7302DC5EDF0000608CB /* ProjectTests.swift */ = {isa = PBXFileReference; lastKnownFileType = sourcecode.swift; path = ProjectTests.swift; sourceTree = "<group>"; };
		CE15E7362DC5EDF0000608CB /* ProjectUITests.xctest */ = {isa = PBXFileReference; explicitFileType = wrapper.cfbundle; includeInIndex = 0; path = ProjectUITests.xctest; sourceTree = BUILT_PRODUCTS_DIR; };
		CE15E73A2DC5EDF0000608CB /* ProjectUITests.swift */ = {isa = PBXFileReference; lastKnownFileType = sourcecode.swift; path = ProjectUITests.swift; sourceTree = "<group>"; };
		CE15E73C2DC5EDF0000608CB /* ProjectUITestsLaunchTests.swift */ = {isa = PBXFileReference; lastKnownFileType = sourcecode.swift; path = ProjectUITestsLaunchTests.swift; sourceTree = "<group>"; };
		CE82A4C12DD58CB800F36E91 /* Course+CoreDataClass.swift */ = {isa = PBXFileReference; lastKnownFileType = sourcecode.swift; path = "Course+CoreDataClass.swift"; sourceTree = SOURCE_ROOT; };
		CE82A4C22DD58CB800F36E91 /* Course+CoreDataProperties.swift */ = {isa = PBXFileReference; lastKnownFileType = sourcecode.swift; path = "Course+CoreDataProperties.swift"; sourceTree = SOURCE_ROOT; };
		CE84114E2DCC98CC00CC32DC /* FlashcardViewModel.swift */ = {isa = PBXFileReference; lastKnownFileType = sourcecode.swift; path = FlashcardViewModel.swift; sourceTree = "<group>"; };
		CE86D5B42DC91B7600E1123D /* AddCourse.swift */ = {isa = PBXFileReference; lastKnownFileType = sourcecode.swift; path = AddCourse.swift; sourceTree = "<group>"; };
		CE86D5B62DC91F1400E1123D /* CourseViewModel.swift */ = {isa = PBXFileReference; lastKnownFileType = sourcecode.swift; path = CourseViewModel.swift; sourceTree = "<group>"; };
		CE8702842DD1EB0500B56C30 /* CourseDetail.swift */ = {isa = PBXFileReference; lastKnownFileType = sourcecode.swift; path = CourseDetail.swift; sourceTree = "<group>"; };
		CE87DC4A2DCB5A5C00AF10D9 /* ChooseLanguage.swift */ = {isa = PBXFileReference; lastKnownFileType = sourcecode.swift; path = ChooseLanguage.swift; sourceTree = "<group>"; };
		CE87DC4C2DCB5A7700AF10D9 /* LanguageViewModel.swift */ = {isa = PBXFileReference; lastKnownFileType = sourcecode.swift; path = LanguageViewModel.swift; sourceTree = "<group>"; };
		CE8FFC1C2DC722460008E419 /* Library.swift */ = {isa = PBXFileReference; lastKnownFileType = sourcecode.swift; path = Library.swift; sourceTree = "<group>"; };
/* End PBXFileReference section */

/* Begin PBXFrameworksBuildPhase section */
		CE15E7142DC5EDEC000608CB /* Frameworks */ = {
			isa = PBXFrameworksBuildPhase;
			buildActionMask = 2147483647;
			files = (
			);
			runOnlyForDeploymentPostprocessing = 0;
		};
		CE15E7292DC5EDF0000608CB /* Frameworks */ = {
			isa = PBXFrameworksBuildPhase;
			buildActionMask = 2147483647;
			files = (
			);
			runOnlyForDeploymentPostprocessing = 0;
		};
		CE15E7332DC5EDF0000608CB /* Frameworks */ = {
			isa = PBXFrameworksBuildPhase;
			buildActionMask = 2147483647;
			files = (
			);
			runOnlyForDeploymentPostprocessing = 0;
		};
/* End PBXFrameworksBuildPhase section */

/* Begin PBXGroup section */
		CE15E70E2DC5EDEC000608CB = {
			isa = PBXGroup;
			children = (
				CE15E7192DC5EDEC000608CB /* Project */,
				CE15E72F2DC5EDF0000608CB /* ProjectTests */,
				CE15E7392DC5EDF0000608CB /* ProjectUITests */,
				CE15E7182DC5EDEC000608CB /* Products */,
			);
			sourceTree = "<group>";
		};
		CE15E7182DC5EDEC000608CB /* Products */ = {
			isa = PBXGroup;
			children = (
				CE15E7172DC5EDEC000608CB /* Project.app */,
				CE15E72C2DC5EDF0000608CB /* ProjectTests.xctest */,
				CE15E7362DC5EDF0000608CB /* ProjectUITests.xctest */,
			);
			name = Products;
			sourceTree = "<group>";
		};
		CE15E7192DC5EDEC000608CB /* Project */ = {
			isa = PBXGroup;
			children = (
				CE82A4C12DD58CB800F36E91 /* Course+CoreDataClass.swift */,
				CE82A4C22DD58CB800F36E91 /* Course+CoreDataProperties.swift */,
				CE8FFC192DC7175E0008E419 /* Views */,
				CE8FFC182DC717490008E419 /* ViewModels */,
				CE15E71A2DC5EDEC000608CB /* ProjectApp.swift */,
				CE15E71C2DC5EDEC000608CB /* ContentView.swift */,
				CE15E71E2DC5EDF0000608CB /* Assets.xcassets */,
				CE15E7232DC5EDF0000608CB /* Persistence.swift */,
				CE15E7252DC5EDF0000608CB /* Project.xcdatamodeld */,
				CE15E7202DC5EDF0000608CB /* Preview Content */,
			);
			path = Project;
			sourceTree = "<group>";
		};
		CE15E7202DC5EDF0000608CB /* Preview Content */ = {
			isa = PBXGroup;
			children = (
				CE15E7212DC5EDF0000608CB /* Preview Assets.xcassets */,
			);
			path = "Preview Content";
			sourceTree = "<group>";
		};
		CE15E72F2DC5EDF0000608CB /* ProjectTests */ = {
			isa = PBXGroup;
			children = (
				CE15E7302DC5EDF0000608CB /* ProjectTests.swift */,
			);
			path = ProjectTests;
			sourceTree = "<group>";
		};
		CE15E7392DC5EDF0000608CB /* ProjectUITests */ = {
			isa = PBXGroup;
			children = (
				CE15E73A2DC5EDF0000608CB /* ProjectUITests.swift */,
				CE15E73C2DC5EDF0000608CB /* ProjectUITestsLaunchTests.swift */,
			);
			path = ProjectUITests;
			sourceTree = "<group>";
		};
		CE8FFC182DC717490008E419 /* ViewModels */ = {
			isa = PBXGroup;
			children = (
				CE86D5B62DC91F1400E1123D /* CourseViewModel.swift */,
				CE87DC4C2DCB5A7700AF10D9 /* LanguageViewModel.swift */,
				CE84114E2DCC98CC00CC32DC /* FlashcardViewModel.swift */,
			);
			path = ViewModels;
			sourceTree = "<group>";
		};
		CE8FFC192DC7175E0008E419 /* Views */ = {
			isa = PBXGroup;
			children = (
				CE8FFC1C2DC722460008E419 /* Library.swift */,
				CE86D5B42DC91B7600E1123D /* AddCourse.swift */,
				CE87DC4A2DCB5A5C00AF10D9 /* ChooseLanguage.swift */,
				CE8702842DD1EB0500B56C30 /* CourseDetail.swift */,
			);
			path = Views;
			sourceTree = "<group>";
		};
/* End PBXGroup section */

/* Begin PBXNativeTarget section */
		CE15E7162DC5EDEC000608CB /* Project */ = {
			isa = PBXNativeTarget;
			buildConfigurationList = CE15E7402DC5EDF0000608CB /* Build configuration list for PBXNativeTarget "Project" */;
			buildPhases = (
				CE15E7132DC5EDEC000608CB /* Sources */,
				CE15E7142DC5EDEC000608CB /* Frameworks */,
				CE15E7152DC5EDEC000608CB /* Resources */,
			);
			buildRules = (
			);
			dependencies = (
			);
			name = Project;
			productName = Project;
			productReference = CE15E7172DC5EDEC000608CB /* Project.app */;
			productType = "com.apple.product-type.application";
		};
		CE15E72B2DC5EDF0000608CB /* ProjectTests */ = {
			isa = PBXNativeTarget;
			buildConfigurationList = CE15E7432DC5EDF0000608CB /* Build configuration list for PBXNativeTarget "ProjectTests" */;
			buildPhases = (
				CE15E7282DC5EDF0000608CB /* Sources */,
				CE15E7292DC5EDF0000608CB /* Frameworks */,
				CE15E72A2DC5EDF0000608CB /* Resources */,
			);
			buildRules = (
			);
			dependencies = (
				CE15E72E2DC5EDF0000608CB /* PBXTargetDependency */,
			);
			name = ProjectTests;
			productName = ProjectTests;
			productReference = CE15E72C2DC5EDF0000608CB /* ProjectTests.xctest */;
			productType = "com.apple.product-type.bundle.unit-test";
		};
		CE15E7352DC5EDF0000608CB /* ProjectUITests */ = {
			isa = PBXNativeTarget;
			buildConfigurationList = CE15E7462DC5EDF0000608CB /* Build configuration list for PBXNativeTarget "ProjectUITests" */;
			buildPhases = (
				CE15E7322DC5EDF0000608CB /* Sources */,
				CE15E7332DC5EDF0000608CB /* Frameworks */,
				CE15E7342DC5EDF0000608CB /* Resources */,
			);
			buildRules = (
			);
			dependencies = (
				CE15E7382DC5EDF0000608CB /* PBXTargetDependency */,
			);
			name = ProjectUITests;
			productName = ProjectUITests;
			productReference = CE15E7362DC5EDF0000608CB /* ProjectUITests.xctest */;
			productType = "com.apple.product-type.bundle.ui-testing";
		};
/* End PBXNativeTarget section */

/* Begin PBXProject section */
		CE15E70F2DC5EDEC000608CB /* Project object */ = {
			isa = PBXProject;
			attributes = {
				BuildIndependentTargetsInParallel = 1;
				LastSwiftUpdateCheck = 1420;
				LastUpgradeCheck = 1420;
				TargetAttributes = {
					CE15E7162DC5EDEC000608CB = {
						CreatedOnToolsVersion = 14.2;
					};
					CE15E72B2DC5EDF0000608CB = {
						CreatedOnToolsVersion = 14.2;
						TestTargetID = CE15E7162DC5EDEC000608CB;
					};
					CE15E7352DC5EDF0000608CB = {
						CreatedOnToolsVersion = 14.2;
						TestTargetID = CE15E7162DC5EDEC000608CB;
					};
				};
			};
			buildConfigurationList = CE15E7122DC5EDEC000608CB /* Build configuration list for PBXProject "Project" */;
			compatibilityVersion = "Xcode 14.0";
			developmentRegion = en;
			hasScannedForEncodings = 0;
			knownRegions = (
				en,
				Base,
			);
			mainGroup = CE15E70E2DC5EDEC000608CB;
			productRefGroup = CE15E7182DC5EDEC000608CB /* Products */;
			projectDirPath = "";
			projectRoot = "";
			targets = (
				CE15E7162DC5EDEC000608CB /* Project */,
				CE15E72B2DC5EDF0000608CB /* ProjectTests */,
				CE15E7352DC5EDF0000608CB /* ProjectUITests */,
			);
		};
/* End PBXProject section */

/* Begin PBXResourcesBuildPhase section */
		CE15E7152DC5EDEC000608CB /* Resources */ = {
			isa = PBXResourcesBuildPhase;
			buildActionMask = 2147483647;
			files = (
				CE15E7222DC5EDF0000608CB /* Preview Assets.xcassets in Resources */,
				CE15E71F2DC5EDF0000608CB /* Assets.xcassets in Resources */,
			);
			runOnlyForDeploymentPostprocessing = 0;
		};
		CE15E72A2DC5EDF0000608CB /* Resources */ = {
			isa = PBXResourcesBuildPhase;
			buildActionMask = 2147483647;
			files = (
			);
			runOnlyForDeploymentPostprocessing = 0;
		};
		CE15E7342DC5EDF0000608CB /* Resources */ = {
			isa = PBXResourcesBuildPhase;
			buildActionMask = 2147483647;
			files = (
			);
			runOnlyForDeploymentPostprocessing = 0;
		};
/* End PBXResourcesBuildPhase section */

/* Begin PBXSourcesBuildPhase section */
		CE15E7132DC5EDEC000608CB /* Sources */ = {
			isa = PBXSourcesBuildPhase;
			buildActionMask = 2147483647;
			files = (
				CE15E7242DC5EDF0000608CB /* Persistence.swift in Sources */,
				CE15E71D2DC5EDEC000608CB /* ContentView.swift in Sources */,
				CE86D5B72DC91F1400E1123D /* CourseViewModel.swift in Sources */,
				CE87DC4B2DCB5A5C00AF10D9 /* ChooseLanguage.swift in Sources */,
				CE87DC4D2DCB5A7700AF10D9 /* LanguageViewModel.swift in Sources */,
				CE84114F2DCC98CC00CC32DC /* FlashcardViewModel.swift in Sources */,
				CE82A4C32DD58CB800F36E91 /* Course+CoreDataClass.swift in Sources */,
				CE86D5B52DC91B7600E1123D /* AddCourse.swift in Sources */,
				CE8702852DD1EB0500B56C30 /* CourseDetail.swift in Sources */,
				CE8FFC1D2DC722460008E419 /* Library.swift in Sources */,
				CE15E71B2DC5EDEC000608CB /* ProjectApp.swift in Sources */,
				CE15E7272DC5EDF0000608CB /* Project.xcdatamodeld in Sources */,
				CE82A4C42DD58CB800F36E91 /* Course+CoreDataProperties.swift in Sources */,
			);
			runOnlyForDeploymentPostprocessing = 0;
		};
		CE15E7282DC5EDF0000608CB /* Sources */ = {
			isa = PBXSourcesBuildPhase;
			buildActionMask = 2147483647;
			files = (
				CE15E7312DC5EDF0000608CB /* ProjectTests.swift in Sources */,
			);
			runOnlyForDeploymentPostprocessing = 0;
		};
		CE15E7322DC5EDF0000608CB /* Sources */ = {
			isa = PBXSourcesBuildPhase;
			buildActionMask = 2147483647;
			files = (
				CE15E73D2DC5EDF0000608CB /* ProjectUITestsLaunchTests.swift in Sources */,
				CE15E73B2DC5EDF0000608CB /* ProjectUITests.swift in Sources */,
			);
			runOnlyForDeploymentPostprocessing = 0;
		};
/* End PBXSourcesBuildPhase section */

/* Begin PBXTargetDependency section */
		CE15E72E2DC5EDF0000608CB /* PBXTargetDependency */ = {
			isa = PBXTargetDependency;
			target = CE15E7162DC5EDEC000608CB /* Project */;
			targetProxy = CE15E72D2DC5EDF0000608CB /* PBXContainerItemProxy */;
		};
		CE15E7382DC5EDF0000608CB /* PBXTargetDependency */ = {
			isa = PBXTargetDependency;
			target = CE15E7162DC5EDEC000608CB /* Project */;
			targetProxy = CE15E7372DC5EDF0000608CB /* PBXContainerItemProxy */;
		};
/* End PBXTargetDependency section */

/* Begin XCBuildConfiguration section */
		CE15E73E2DC5EDF0000608CB /* Debug */ = {
			isa = XCBuildConfiguration;
			buildSettings = {
				ALWAYS_SEARCH_USER_PATHS = NO;
				CLANG_ANALYZER_NONNULL = YES;
				CLANG_ANALYZER_NUMBER_OBJECT_CONVERSION = YES_AGGRESSIVE;
				CLANG_CXX_LANGUAGE_STANDARD = "gnu++20";
				CLANG_ENABLE_MODULES = YES;
				CLANG_ENABLE_OBJC_ARC = YES;
				CLANG_ENABLE_OBJC_WEAK = YES;
				CLANG_WARN_BLOCK_CAPTURE_AUTORELEASING = YES;
				CLANG_WARN_BOOL_CONVERSION = YES;
				CLANG_WARN_COMMA = YES;
				CLANG_WARN_CONSTANT_CONVERSION = YES;
				CLANG_WARN_DEPRECATED_OBJC_IMPLEMENTATIONS = YES;
				CLANG_WARN_DIRECT_OBJC_ISA_USAGE = YES_ERROR;
				CLANG_WARN_DOCUMENTATION_COMMENTS = YES;
				CLANG_WARN_EMPTY_BODY = YES;
				CLANG_WARN_ENUM_CONVERSION = YES;
				CLANG_WARN_INFINITE_RECURSION = YES;
				CLANG_WARN_INT_CONVERSION = YES;
				CLANG_WARN_NON_LITERAL_NULL_CONVERSION = YES;
				CLANG_WARN_OBJC_IMPLICIT_RETAIN_SELF = YES;
				CLANG_WARN_OBJC_LITERAL_CONVERSION = YES;
				CLANG_WARN_OBJC_ROOT_CLASS = YES_ERROR;
				CLANG_WARN_QUOTED_INCLUDE_IN_FRAMEWORK_HEADER = YES;
				CLANG_WARN_RANGE_LOOP_ANALYSIS = YES;
				CLANG_WARN_STRICT_PROTOTYPES = YES;
				CLANG_WARN_SUSPICIOUS_MOVE = YES;
				CLANG_WARN_UNGUARDED_AVAILABILITY = YES_AGGRESSIVE;
				CLANG_WARN_UNREACHABLE_CODE = YES;
				CLANG_WARN__DUPLICATE_METHOD_MATCH = YES;
				COPY_PHASE_STRIP = NO;
				DEBUG_INFORMATION_FORMAT = dwarf;
				ENABLE_STRICT_OBJC_MSGSEND = YES;
				ENABLE_TESTABILITY = YES;
				GCC_C_LANGUAGE_STANDARD = gnu11;
				GCC_DYNAMIC_NO_PIC = NO;
				GCC_NO_COMMON_BLOCKS = YES;
				GCC_OPTIMIZATION_LEVEL = 0;
				GCC_PREPROCESSOR_DEFINITIONS = (
					"DEBUG=1",
					"$(inherited)",
				);
				GCC_WARN_64_TO_32_BIT_CONVERSION = YES;
				GCC_WARN_ABOUT_RETURN_TYPE = YES_ERROR;
				GCC_WARN_UNDECLARED_SELECTOR = YES;
				GCC_WARN_UNINITIALIZED_AUTOS = YES_AGGRESSIVE;
				GCC_WARN_UNUSED_FUNCTION = YES;
				GCC_WARN_UNUSED_VARIABLE = YES;
				IPHONEOS_DEPLOYMENT_TARGET = 16.2;
				MTL_ENABLE_DEBUG_INFO = INCLUDE_SOURCE;
				MTL_FAST_MATH = YES;
				ONLY_ACTIVE_ARCH = YES;
				SDKROOT = iphoneos;
				SWIFT_ACTIVE_COMPILATION_CONDITIONS = DEBUG;
				SWIFT_OPTIMIZATION_LEVEL = "-Onone";
			};
			name = Debug;
		};
		CE15E73F2DC5EDF0000608CB /* Release */ = {
			isa = XCBuildConfiguration;
			buildSettings = {
				ALWAYS_SEARCH_USER_PATHS = NO;
				CLANG_ANALYZER_NONNULL = YES;
				CLANG_ANALYZER_NUMBER_OBJECT_CONVERSION = YES_AGGRESSIVE;
				CLANG_CXX_LANGUAGE_STANDARD = "gnu++20";
				CLANG_ENABLE_MODULES = YES;
				CLANG_ENABLE_OBJC_ARC = YES;
				CLANG_ENABLE_OBJC_WEAK = YES;
				CLANG_WARN_BLOCK_CAPTURE_AUTORELEASING = YES;
				CLANG_WARN_BOOL_CONVERSION = YES;
				CLANG_WARN_COMMA = YES;
				CLANG_WARN_CONSTANT_CONVERSION = YES;
				CLANG_WARN_DEPRECATED_OBJC_IMPLEMENTATIONS = YES;
				CLANG_WARN_DIRECT_OBJC_ISA_USAGE = YES_ERROR;
				CLANG_WARN_DOCUMENTATION_COMMENTS = YES;
				CLANG_WARN_EMPTY_BODY = YES;
				CLANG_WARN_ENUM_CONVERSION = YES;
				CLANG_WARN_INFINITE_RECURSION = YES;
				CLANG_WARN_INT_CONVERSION = YES;
				CLANG_WARN_NON_LITERAL_NULL_CONVERSION = YES;
				CLANG_WARN_OBJC_IMPLICIT_RETAIN_SELF = YES;
				CLANG_WARN_OBJC_LITERAL_CONVERSION = YES;
				CLANG_WARN_OBJC_ROOT_CLASS = YES_ERROR;
				CLANG_WARN_QUOTED_INCLUDE_IN_FRAMEWORK_HEADER = YES;
				CLANG_WARN_RANGE_LOOP_ANALYSIS = YES;
				CLANG_WARN_STRICT_PROTOTYPES = YES;
				CLANG_WARN_SUSPICIOUS_MOVE = YES;
				CLANG_WARN_UNGUARDED_AVAILABILITY = YES_AGGRESSIVE;
				CLANG_WARN_UNREACHABLE_CODE = YES;
				CLANG_WARN__DUPLICATE_METHOD_MATCH = YES;
				COPY_PHASE_STRIP = NO;
				DEBUG_INFORMATION_FORMAT = "dwarf-with-dsym";
				ENABLE_NS_ASSERTIONS = NO;
				ENABLE_STRICT_OBJC_MSGSEND = YES;
				GCC_C_LANGUAGE_STANDARD = gnu11;
				GCC_NO_COMMON_BLOCKS = YES;
				GCC_WARN_64_TO_32_BIT_CONVERSION = YES;
				GCC_WARN_ABOUT_RETURN_TYPE = YES_ERROR;
				GCC_WARN_UNDECLARED_SELECTOR = YES;
				GCC_WARN_UNINITIALIZED_AUTOS = YES_AGGRESSIVE;
				GCC_WARN_UNUSED_FUNCTION = YES;
				GCC_WARN_UNUSED_VARIABLE = YES;
				IPHONEOS_DEPLOYMENT_TARGET = 16.2;
				MTL_ENABLE_DEBUG_INFO = NO;
				MTL_FAST_MATH = YES;
				SDKROOT = iphoneos;
				SWIFT_COMPILATION_MODE = wholemodule;
				SWIFT_OPTIMIZATION_LEVEL = "-O";
				VALIDATE_PRODUCT = YES;
			};
			name = Release;
		};
		CE15E7412DC5EDF0000608CB /* Debug */ = {
			isa = XCBuildConfiguration;
			buildSettings = {
				ASSETCATALOG_COMPILER_APPICON_NAME = AppIcon;
				ASSETCATALOG_COMPILER_GLOBAL_ACCENT_COLOR_NAME = AccentColor;
				CODE_SIGN_STYLE = Automatic;
				CURRENT_PROJECT_VERSION = 1;
				DEVELOPMENT_ASSET_PATHS = "\"Project/Preview Content\"";
				ENABLE_PREVIEWS = YES;
				GENERATE_INFOPLIST_FILE = YES;
				INFOPLIST_KEY_UIApplicationSceneManifest_Generation = YES;
				INFOPLIST_KEY_UIApplicationSupportsIndirectInputEvents = YES;
				INFOPLIST_KEY_UILaunchScreen_Generation = YES;
				INFOPLIST_KEY_UISupportedInterfaceOrientations_iPad = "UIInterfaceOrientationPortrait UIInterfaceOrientationPortraitUpsideDown UIInterfaceOrientationLandscapeLeft UIInterfaceOrientationLandscapeRight";
				INFOPLIST_KEY_UISupportedInterfaceOrientations_iPhone = "UIInterfaceOrientationPortrait UIInterfaceOrientationLandscapeLeft UIInterfaceOrientationLandscapeRight";
				LD_RUNPATH_SEARCH_PATHS = (
					"$(inherited)",
					"@executable_path/Frameworks",
				);
				MARKETING_VERSION = 1.0;
				PRODUCT_BUNDLE_IDENTIFIER = vn.edu.tdc.Project;
				PRODUCT_NAME = "$(TARGET_NAME)";
				SWIFT_EMIT_LOC_STRINGS = YES;
				SWIFT_VERSION = 5.0;
				TARGETED_DEVICE_FAMILY = "1,2";
			};
			name = Debug;
		};
		CE15E7422DC5EDF0000608CB /* Release */ = {
			isa = XCBuildConfiguration;
			buildSettings = {
				ASSETCATALOG_COMPILER_APPICON_NAME = AppIcon;
				ASSETCATALOG_COMPILER_GLOBAL_ACCENT_COLOR_NAME = AccentColor;
				CODE_SIGN_STYLE = Automatic;
				CURRENT_PROJECT_VERSION = 1;
				DEVELOPMENT_ASSET_PATHS = "\"Project/Preview Content\"";
				ENABLE_PREVIEWS = YES;
				GENERATE_INFOPLIST_FILE = YES;
				INFOPLIST_KEY_UIApplicationSceneManifest_Generation = YES;
				INFOPLIST_KEY_UIApplicationSupportsIndirectInputEvents = YES;
				INFOPLIST_KEY_UILaunchScreen_Generation = YES;
				INFOPLIST_KEY_UISupportedInterfaceOrientations_iPad = "UIInterfaceOrientationPortrait UIInterfaceOrientationPortraitUpsideDown UIInterfaceOrientationLandscapeLeft UIInterfaceOrientationLandscapeRight";
				INFOPLIST_KEY_UISupportedInterfaceOrientations_iPhone = "UIInterfaceOrientationPortrait UIInterfaceOrientationLandscapeLeft UIInterfaceOrientationLandscapeRight";
				LD_RUNPATH_SEARCH_PATHS = (
					"$(inherited)",
					"@executable_path/Frameworks",
				);
				MARKETING_VERSION = 1.0;
				PRODUCT_BUNDLE_IDENTIFIER = vn.edu.tdc.Project;
				PRODUCT_NAME = "$(TARGET_NAME)";
				SWIFT_EMIT_LOC_STRINGS = YES;
				SWIFT_VERSION = 5.0;
				TARGETED_DEVICE_FAMILY = "1,2";
			};
			name = Release;
		};
		CE15E7442DC5EDF0000608CB /* Debug */ = {
			isa = XCBuildConfiguration;
			buildSettings = {
				ALWAYS_EMBED_SWIFT_STANDARD_LIBRARIES = YES;
				BUNDLE_LOADER = "$(TEST_HOST)";
				CODE_SIGN_STYLE = Automatic;
				CURRENT_PROJECT_VERSION = 1;
				GENERATE_INFOPLIST_FILE = YES;
				IPHONEOS_DEPLOYMENT_TARGET = 16.2;
				MARKETING_VERSION = 1.0;
				PRODUCT_BUNDLE_IDENTIFIER = vn.edu.tdc.ProjectTests;
				PRODUCT_NAME = "$(TARGET_NAME)";
				SWIFT_EMIT_LOC_STRINGS = NO;
				SWIFT_VERSION = 5.0;
				TARGETED_DEVICE_FAMILY = "1,2";
				TEST_HOST = "$(BUILT_PRODUCTS_DIR)/Project.app/$(BUNDLE_EXECUTABLE_FOLDER_PATH)/Project";
			};
			name = Debug;
		};
		CE15E7452DC5EDF0000608CB /* Release */ = {
			isa = XCBuildConfiguration;
			buildSettings = {
				ALWAYS_EMBED_SWIFT_STANDARD_LIBRARIES = YES;
				BUNDLE_LOADER = "$(TEST_HOST)";
				CODE_SIGN_STYLE = Automatic;
				CURRENT_PROJECT_VERSION = 1;
				GENERATE_INFOPLIST_FILE = YES;
				IPHONEOS_DEPLOYMENT_TARGET = 16.2;
				MARKETING_VERSION = 1.0;
				PRODUCT_BUNDLE_IDENTIFIER = vn.edu.tdc.ProjectTests;
				PRODUCT_NAME = "$(TARGET_NAME)";
				SWIFT_EMIT_LOC_STRINGS = NO;
				SWIFT_VERSION = 5.0;
				TARGETED_DEVICE_FAMILY = "1,2";
				TEST_HOST = "$(BUILT_PRODUCTS_DIR)/Project.app/$(BUNDLE_EXECUTABLE_FOLDER_PATH)/Project";
			};
			name = Release;
		};
		CE15E7472DC5EDF0000608CB /* Debug */ = {
			isa = XCBuildConfiguration;
			buildSettings = {
				ALWAYS_EMBED_SWIFT_STANDARD_LIBRARIES = YES;
				CODE_SIGN_STYLE = Automatic;
				CURRENT_PROJECT_VERSION = 1;
				GENERATE_INFOPLIST_FILE = YES;
				MARKETING_VERSION = 1.0;
				PRODUCT_BUNDLE_IDENTIFIER = vn.edu.tdc.ProjectUITests;
				PRODUCT_NAME = "$(TARGET_NAME)";
				SWIFT_EMIT_LOC_STRINGS = NO;
				SWIFT_VERSION = 5.0;
				TARGETED_DEVICE_FAMILY = "1,2";
				TEST_TARGET_NAME = Project;
			};
			name = Debug;
		};
		CE15E7482DC5EDF0000608CB /* Release */ = {
			isa = XCBuildConfiguration;
			buildSettings = {
				ALWAYS_EMBED_SWIFT_STANDARD_LIBRARIES = YES;
				CODE_SIGN_STYLE = Automatic;
				CURRENT_PROJECT_VERSION = 1;
				GENERATE_INFOPLIST_FILE = YES;
				MARKETING_VERSION = 1.0;
				PRODUCT_BUNDLE_IDENTIFIER = vn.edu.tdc.ProjectUITests;
				PRODUCT_NAME = "$(TARGET_NAME)";
				SWIFT_EMIT_LOC_STRINGS = NO;
				SWIFT_VERSION = 5.0;
				TARGETED_DEVICE_FAMILY = "1,2";
				TEST_TARGET_NAME = Project;
			};
			name = Release;
		};
/* End XCBuildConfiguration section */

/* Begin XCConfigurationList section */
		CE15E7122DC5EDEC000608CB /* Build configuration list for PBXProject "Project" */ = {
			isa = XCConfigurationList;
			buildConfigurations = (
				CE15E73E2DC5EDF0000608CB /* Debug */,
				CE15E73F2DC5EDF0000608CB /* Release */,
			);
			defaultConfigurationIsVisible = 0;
			defaultConfigurationName = Release;
		};
		CE15E7402DC5EDF0000608CB /* Build configuration list for PBXNativeTarget "Project" */ = {
			isa = XCConfigurationList;
			buildConfigurations = (
				CE15E7412DC5EDF0000608CB /* Debug */,
				CE15E7422DC5EDF0000608CB /* Release */,
			);
			defaultConfigurationIsVisible = 0;
			defaultConfigurationName = Release;
		};
		CE15E7432DC5EDF0000608CB /* Build configuration list for PBXNativeTarget "ProjectTests" */ = {
			isa = XCConfigurationList;
			buildConfigurations = (
				CE15E7442DC5EDF0000608CB /* Debug */,
				CE15E7452DC5EDF0000608CB /* Release */,
			);
			defaultConfigurationIsVisible = 0;
			defaultConfigurationName = Release;
		};
		CE15E7462DC5EDF0000608CB /* Build configuration list for PBXNativeTarget "ProjectUITests" */ = {
			isa = XCConfigurationList;
			buildConfigurations = (
				CE15E7472DC5EDF0000608CB /* Debug */,
				CE15E7482DC5EDF0000608CB /* Release */,
			);
			defaultConfigurationIsVisible = 0;
			defaultConfigurationName = Release;
		};
/* End XCConfigurationList section */

/* Begin XCVersionGroup section */
		CE15E7252DC5EDF0000608CB /* Project.xcdatamodeld */ = {
			isa = XCVersionGroup;
			children = (
				CE15E7262DC5EDF0000608CB /* Project.xcdatamodel */,
			);
			currentVersion = CE15E7262DC5EDF0000608CB /* Project.xcdatamodel */;
			path = Project.xcdatamodeld;
			sourceTree = "<group>";
			versionGroupType = wrapper.xcdatamodel;
		};
/* End XCVersionGroup section */
	};
	rootObject = CE15E70F2DC5EDEC000608CB /* Project object */;
}
